
Microsoft Visual Studio Solution File, Format Version 12.00
# Visual Studio Version 17
VisualStudioVersion = 17.5.33414.496
MinimumVisualStudioVersion = 10.0.40219.1
Project("{FAE04EC0-301F-11D3-BF4B-00C04F79EFBC}") = "C# Numbers Data Types", "C# Numbers Data Types\C# Numbers Data Types.csproj", "{44057847-957D-4F3D-8641-0E03368AF7FB}"
EndProject
Global
	GlobalSection(SolutionConfigurationPlatforms) = preSolution
		Debug|Any CPU = Debug|Any CPU
		Release|Any CPU = Release|Any CPU
	EndGlobalSection
	GlobalSection(ProjectConfigurationPlatforms) = postSolution
		{44057847-957D-4F3D-8641-0E03368AF7FB}.Debug|Any CPU.ActiveCfg = Debug|Any CPU
		{44057847-957D-4F3D-8641-0E03368AF7FB}.Debug|Any CPU.Build.0 = Debug|Any CPU
		{44057847-957D-4F3D-8641-0E03368AF7FB}.Release|Any CPU.ActiveCfg = Release|Any CPU
		{44057847-957D-4F3D-8641-0E03368AF7FB}.Release|Any CPU.Build.0 = Release|Any CPU
	EndGlobalSection
	GlobalSection(SolutionProperties) = preSolution
		HideSolutionNode = FALSE
	EndGlobalSection
	GlobalSection(ExtensibilityGlobals) = postSolution
		SolutionGuid = {0278D5E0-FBA5-447B-8199-7F15FBFD11B5}
	EndGlobalSection
EndGlobal
