
Microsoft Visual Studio Solution File, Format Version 12.00
# Visual Studio Version 17
VisualStudioVersion = 17.5.33414.496
MinimumVisualStudioVersion = 10.0.40219.1
Project("{FAE04EC0-301F-11D3-BF4B-00C04F79EFBC}") = "ConsoleApp4", "ConsoleApp4.csproj", "{8D8A266C-E1F9-492C-8099-47722362EC8F}"
EndProject
Global
	GlobalSection(SolutionConfigurationPlatforms) = preSolution
		Debug|Any CPU = Debug|Any CPU
		Release|Any CPU = Release|Any CPU
	EndGlobalSection
	GlobalSection(ProjectConfigurationPlatforms) = postSolution
		{8D8A266C-E1F9-492C-8099-47722362EC8F}.Debug|Any CPU.ActiveCfg = Debug|Any CPU
		{8D8A266C-E1F9-492C-8099-47722362EC8F}.Debug|Any CPU.Build.0 = Debug|Any CPU
		{8D8A266C-E1F9-492C-8099-47722362EC8F}.Release|Any CPU.ActiveCfg = Release|Any CPU
		{8D8A266C-E1F9-492C-8099-47722362EC8F}.Release|Any CPU.Build.0 = Release|Any CPU
	EndGlobalSection
	GlobalSection(SolutionProperties) = preSolution
		HideSolutionNode = FALSE
	EndGlobalSection
	GlobalSection(ExtensibilityGlobals) = postSolution
		SolutionGuid = {189CDDD9-5AFD-48DA-96A2-8A064BC63D68}
	EndGlobalSection
EndGlobal
