
Microsoft Visual Studio Solution File, Format Version 12.00
# Visual Studio Version 17
VisualStudioVersion = 17.5.33414.496
MinimumVisualStudioVersion = 10.0.40219.1
Project("{FAE04EC0-301F-11D3-BF4B-00C04F79EFBC}") = "C# - Random Method", "C# - Random Method\C# - Random Method.csproj", "{EFA33CDA-97A7-4DA6-AED3-E17666B5DC70}"
EndProject
Global
	GlobalSection(SolutionConfigurationPlatforms) = preSolution
		Debug|Any CPU = Debug|Any CPU
		Release|Any CPU = Release|Any CPU
	EndGlobalSection
	GlobalSection(ProjectConfigurationPlatforms) = postSolution
		{EFA33CDA-97A7-4DA6-AED3-E17666B5DC70}.Debug|Any CPU.ActiveCfg = Debug|Any CPU
		{EFA33CDA-97A7-4DA6-AED3-E17666B5DC70}.Debug|Any CPU.Build.0 = Debug|Any CPU
		{EFA33CDA-97A7-4DA6-AED3-E17666B5DC70}.Release|Any CPU.ActiveCfg = Release|Any CPU
		{EFA33CDA-97A7-4DA6-AED3-E17666B5DC70}.Release|Any CPU.Build.0 = Release|Any CPU
	EndGlobalSection
	GlobalSection(SolutionProperties) = preSolution
		HideSolutionNode = FALSE
	EndGlobalSection
	GlobalSection(ExtensibilityGlobals) = postSolution
		SolutionGuid = {419298E9-EC59-4F00-9265-C1FE1434E302}
	EndGlobalSection
EndGlobal
