
Microsoft Visual Studio Solution File, Format Version 12.00
# Visual Studio Version 17
VisualStudioVersion = 17.5.33414.496
MinimumVisualStudioVersion = 10.0.40219.1
Project("{FAE04EC0-301F-11D3-BF4B-00C04F79EFBC}") = "PictureBox Exercise", "PictureBox Exercise.csproj", "{17656796-885C-4D5D-885B-4BAB3E00D42D}"
EndProject
Global
	GlobalSection(SolutionConfigurationPlatforms) = preSolution
		Debug|Any CPU = Debug|Any CPU
		Release|Any CPU = Release|Any CPU
	EndGlobalSection
	GlobalSection(ProjectConfigurationPlatforms) = postSolution
		{17656796-885C-4D5D-885B-4BAB3E00D42D}.Debug|Any CPU.ActiveCfg = Debug|Any CPU
		{17656796-885C-4D5D-885B-4BAB3E00D42D}.Debug|Any CPU.Build.0 = Debug|Any CPU
		{17656796-885C-4D5D-885B-4BAB3E00D42D}.Release|Any CPU.ActiveCfg = Release|Any CPU
		{17656796-885C-4D5D-885B-4BAB3E00D42D}.Release|Any CPU.Build.0 = Release|Any CPU
	EndGlobalSection
	GlobalSection(SolutionProperties) = preSolution
		HideSolutionNode = FALSE
	EndGlobalSection
	GlobalSection(ExtensibilityGlobals) = postSolution
		SolutionGuid = {DF05EF50-AC44-4CFE-84D4-BEBD92DE90EE}
	EndGlobalSection
EndGlobal
