
Microsoft Visual Studio Solution File, Format Version 12.00
# Visual Studio Version 17
VisualStudioVersion = 17.5.33414.496
MinimumVisualStudioVersion = 10.0.40219.1
Project("{8BC9CEB8-8B4A-11D0-8D11-00A0C91BC942}") = "Interfaces_Pure Virtual Functions and Abstract Classes", "Interfaces_Pure Virtual Functions and Abstract Classes\Interfaces_Pure Virtual Functions and Abstract Classes.vcxproj", "{C28BBEDF-8B7D-4FD6-A3C5-605DACB3BE0A}"
EndProject
Global
	GlobalSection(SolutionConfigurationPlatforms) = preSolution
		Debug|x64 = Debug|x64
		Debug|x86 = Debug|x86
		Release|x64 = Release|x64
		Release|x86 = Release|x86
	EndGlobalSection
	GlobalSection(ProjectConfigurationPlatforms) = postSolution
		{C28BBEDF-8B7D-4FD6-A3C5-605DACB3BE0A}.Debug|x64.ActiveCfg = Debug|x64
		{C28BBEDF-8B7D-4FD6-A3C5-605DACB3BE0A}.Debug|x64.Build.0 = Debug|x64
		{C28BBEDF-8B7D-4FD6-A3C5-605DACB3BE0A}.Debug|x86.ActiveCfg = Debug|Win32
		{C28BBEDF-8B7D-4FD6-A3C5-605DACB3BE0A}.Debug|x86.Build.0 = Debug|Win32
		{C28BBEDF-8B7D-4FD6-A3C5-605DACB3BE0A}.Release|x64.ActiveCfg = Release|x64
		{C28BBEDF-8B7D-4FD6-A3C5-605DACB3BE0A}.Release|x64.Build.0 = Release|x64
		{C28BBEDF-8B7D-4FD6-A3C5-605DACB3BE0A}.Release|x86.ActiveCfg = Release|Win32
		{C28BBEDF-8B7D-4FD6-A3C5-605DACB3BE0A}.Release|x86.Build.0 = Release|Win32
	EndGlobalSection
	GlobalSection(SolutionProperties) = preSolution
		HideSolutionNode = FALSE
	EndGlobalSection
	GlobalSection(ExtensibilityGlobals) = postSolution
		SolutionGuid = {36E44B4F-52F5-477D-B5B6-E241B18C7DA3}
	EndGlobalSection
EndGlobal
