
Microsoft Visual Studio Solution File, Format Version 12.00
# Visual Studio Version 17
VisualStudioVersion = 17.5.33414.496
MinimumVisualStudioVersion = 10.0.40219.1
Project("{FAE04EC0-301F-11D3-BF4B-00C04F79EFBC}") = "File System Exircise", "File System Exircise.csproj", "{958DA077-BCD6-471E-85BB-3739D7A25B5E}"
EndProject
Global
	GlobalSection(SolutionConfigurationPlatforms) = preSolution
		Debug|Any CPU = Debug|Any CPU
		Release|Any CPU = Release|Any CPU
	EndGlobalSection
	GlobalSection(ProjectConfigurationPlatforms) = postSolution
		{958DA077-BCD6-471E-85BB-3739D7A25B5E}.Debug|Any CPU.ActiveCfg = Debug|Any CPU
		{958DA077-BCD6-471E-85BB-3739D7A25B5E}.Debug|Any CPU.Build.0 = Debug|Any CPU
		{958DA077-BCD6-471E-85BB-3739D7A25B5E}.Release|Any CPU.ActiveCfg = Release|Any CPU
		{958DA077-BCD6-471E-85BB-3739D7A25B5E}.Release|Any CPU.Build.0 = Release|Any CPU
	EndGlobalSection
	GlobalSection(SolutionProperties) = preSolution
		HideSolutionNode = FALSE
	EndGlobalSection
	GlobalSection(ExtensibilityGlobals) = postSolution
		SolutionGuid = {ABB1C65F-E430-4CB0-B757-42F8395E2A91}
	EndGlobalSection
EndGlobal
