
Microsoft Visual Studio Solution File, Format Version 12.00
# Visual Studio Version 17
VisualStudioVersion = 17.5.33414.496
MinimumVisualStudioVersion = 10.0.40219.1
Project("{8BC9CEB8-8B4A-11D0-8D11-00A0C91BC942}") = "problem #55 Return Vocation Days", "problem #55 Return Vocation Days\problem #55 Return Vocation Days.vcxproj", "{12846048-5E9C-4924-9228-CF734AE515FE}"
EndProject
Global
	GlobalSection(SolutionConfigurationPlatforms) = preSolution
		Debug|x64 = Debug|x64
		Debug|x86 = Debug|x86
		Release|x64 = Release|x64
		Release|x86 = Release|x86
	EndGlobalSection
	GlobalSection(ProjectConfigurationPlatforms) = postSolution
		{12846048-5E9C-4924-9228-CF734AE515FE}.Debug|x64.ActiveCfg = Debug|x64
		{12846048-5E9C-4924-9228-CF734AE515FE}.Debug|x64.Build.0 = Debug|x64
		{12846048-5E9C-4924-9228-CF734AE515FE}.Debug|x86.ActiveCfg = Debug|Win32
		{12846048-5E9C-4924-9228-CF734AE515FE}.Debug|x86.Build.0 = Debug|Win32
		{12846048-5E9C-4924-9228-CF734AE515FE}.Release|x64.ActiveCfg = Release|x64
		{12846048-5E9C-4924-9228-CF734AE515FE}.Release|x64.Build.0 = Release|x64
		{12846048-5E9C-4924-9228-CF734AE515FE}.Release|x86.ActiveCfg = Release|Win32
		{12846048-5E9C-4924-9228-CF734AE515FE}.Release|x86.Build.0 = Release|Win32
	EndGlobalSection
	GlobalSection(SolutionProperties) = preSolution
		HideSolutionNode = FALSE
	EndGlobalSection
	GlobalSection(ExtensibilityGlobals) = postSolution
		SolutionGuid = {72C84E88-9E9B-42DF-BEB6-F1EDCE709E13}
	EndGlobalSection
EndGlobal
