
Microsoft Visual Studio Solution File, Format Version 12.00
# Visual Studio Version 17
VisualStudioVersion = 17.5.33414.496
MinimumVisualStudioVersion = 10.0.40219.1
Project("{FAE04EC0-301F-11D3-BF4B-00C04F79EFBC}") = "C#  User Controls", "C#  User Controls.csproj", "{085DFF6A-6A75-4777-9EBF-C66105AA3224}"
EndProject
Global
	GlobalSection(SolutionConfigurationPlatforms) = preSolution
		Debug|Any CPU = Debug|Any CPU
		Release|Any CPU = Release|Any CPU
	EndGlobalSection
	GlobalSection(ProjectConfigurationPlatforms) = postSolution
		{085DFF6A-6A75-4777-9EBF-C66105AA3224}.Debug|Any CPU.ActiveCfg = Debug|Any CPU
		{085DFF6A-6A75-4777-9EBF-C66105AA3224}.Debug|Any CPU.Build.0 = Debug|Any CPU
		{085DFF6A-6A75-4777-9EBF-C66105AA3224}.Release|Any CPU.ActiveCfg = Release|Any CPU
		{085DFF6A-6A75-4777-9EBF-C66105AA3224}.Release|Any CPU.Build.0 = Release|Any CPU
	EndGlobalSection
	GlobalSection(SolutionProperties) = preSolution
		HideSolutionNode = FALSE
	EndGlobalSection
	GlobalSection(ExtensibilityGlobals) = postSolution
		SolutionGuid = {43A3ADF1-6C4B-4459-9746-6D7302FD9BC2}
	EndGlobalSection
EndGlobal
