
Microsoft Visual Studio Solution File, Format Version 12.00
# Visual Studio Version 17
VisualStudioVersion = 17.5.33414.496
MinimumVisualStudioVersion = 10.0.40219.1
Project("{FAE04EC0-301F-11D3-BF4B-00C04F79EFBC}") = "ContactsWInProject", "ContactsWInProject.csproj", "{07EEDD53-BC42-4D91-810F-44BA74A2BE09}"
EndProject
Global
	GlobalSection(SolutionConfigurationPlatforms) = preSolution
		Debug|Any CPU = Debug|Any CPU
		Release|Any CPU = Release|Any CPU
	EndGlobalSection
	GlobalSection(ProjectConfigurationPlatforms) = postSolution
		{07EEDD53-BC42-4D91-810F-44BA74A2BE09}.Debug|Any CPU.ActiveCfg = Debug|Any CPU
		{07EEDD53-BC42-4D91-810F-44BA74A2BE09}.Debug|Any CPU.Build.0 = Debug|Any CPU
		{07EEDD53-BC42-4D91-810F-44BA74A2BE09}.Release|Any CPU.ActiveCfg = Release|Any CPU
		{07EEDD53-BC42-4D91-810F-44BA74A2BE09}.Release|Any CPU.Build.0 = Release|Any CPU
	EndGlobalSection
	GlobalSection(SolutionProperties) = preSolution
		HideSolutionNode = FALSE
	EndGlobalSection
	GlobalSection(ExtensibilityGlobals) = postSolution
		SolutionGuid = {005F66F4-0FC8-4029-B23C-B079F30B9DCE}
	EndGlobalSection
EndGlobal
