
Microsoft Visual Studio Solution File, Format Version 12.00
# Visual Studio Version 17
VisualStudioVersion = 17.10.35013.160
MinimumVisualStudioVersion = 10.0.40219.1
Project("{FAE04EC0-301F-11D3-BF4B-00C04F79EFBC}") = "Working with SortedDictionary", "Working with SortedDictionary.csproj", "{406A9EE3-4329-41C2-BB42-AF49999AA985}"
EndProject
Global
	GlobalSection(SolutionConfigurationPlatforms) = preSolution
		Debug|Any CPU = Debug|Any CPU
		Release|Any CPU = Release|Any CPU
	EndGlobalSection
	GlobalSection(ProjectConfigurationPlatforms) = postSolution
		{406A9EE3-4329-41C2-BB42-AF49999AA985}.Debug|Any CPU.ActiveCfg = Debug|Any CPU
		{406A9EE3-4329-41C2-BB42-AF49999AA985}.Debug|Any CPU.Build.0 = Debug|Any CPU
		{406A9EE3-4329-41C2-BB42-AF49999AA985}.Release|Any CPU.ActiveCfg = Release|Any CPU
		{406A9EE3-4329-41C2-BB42-AF49999AA985}.Release|Any CPU.Build.0 = Release|Any CPU
	EndGlobalSection
	GlobalSection(SolutionProperties) = preSolution
		HideSolutionNode = FALSE
	EndGlobalSection
	GlobalSection(ExtensibilityGlobals) = postSolution
		SolutionGuid = {45C62CF4-4F33-4974-AAA7-72495FF29E53}
	EndGlobalSection
EndGlobal
