
Microsoft Visual Studio Solution File, Format Version 12.00
# Visual Studio Version 17
VisualStudioVersion = 17.5.33414.496
MinimumVisualStudioVersion = 10.0.40219.1
Project("{FAE04EC0-301F-11D3-BF4B-00C04F79EFBC}") = "C# - Switch CAse Statement", "C# - Switch CAse Statement\C# - Switch CAse Statement.csproj", "{4340D4C5-DB56-404A-A7BB-AC4AE461776A}"
EndProject
Global
	GlobalSection(SolutionConfigurationPlatforms) = preSolution
		Debug|Any CPU = Debug|Any CPU
		Release|Any CPU = Release|Any CPU
	EndGlobalSection
	GlobalSection(ProjectConfigurationPlatforms) = postSolution
		{4340D4C5-DB56-404A-A7BB-AC4AE461776A}.Debug|Any CPU.ActiveCfg = Debug|Any CPU
		{4340D4C5-DB56-404A-A7BB-AC4AE461776A}.Debug|Any CPU.Build.0 = Debug|Any CPU
		{4340D4C5-DB56-404A-A7BB-AC4AE461776A}.Release|Any CPU.ActiveCfg = Release|Any CPU
		{4340D4C5-DB56-404A-A7BB-AC4AE461776A}.Release|Any CPU.Build.0 = Release|Any CPU
	EndGlobalSection
	GlobalSection(SolutionProperties) = preSolution
		HideSolutionNode = FALSE
	EndGlobalSection
	GlobalSection(ExtensibilityGlobals) = postSolution
		SolutionGuid = {01F16D23-263D-445F-BB51-9A5AC36C49E3}
	EndGlobalSection
EndGlobal
