
Microsoft Visual Studio Solution File, Format Version 12.00
# Visual Studio Version 17
VisualStudioVersion = 17.5.33414.496
MinimumVisualStudioVersion = 10.0.40219.1
Project("{FAE04EC0-301F-11D3-BF4B-00C04F79EFBC}") = "C# - String Interpolation", "C# - String Interpolation\C# - String Interpolation.csproj", "{4F188B62-73C4-4FE6-BD9F-48DB3F2CF10E}"
EndProject
Global
	GlobalSection(SolutionConfigurationPlatforms) = preSolution
		Debug|Any CPU = Debug|Any CPU
		Release|Any CPU = Release|Any CPU
	EndGlobalSection
	GlobalSection(ProjectConfigurationPlatforms) = postSolution
		{4F188B62-73C4-4FE6-BD9F-48DB3F2CF10E}.Debug|Any CPU.ActiveCfg = Debug|Any CPU
		{4F188B62-73C4-4FE6-BD9F-48DB3F2CF10E}.Debug|Any CPU.Build.0 = Debug|Any CPU
		{4F188B62-73C4-4FE6-BD9F-48DB3F2CF10E}.Release|Any CPU.ActiveCfg = Release|Any CPU
		{4F188B62-73C4-4FE6-BD9F-48DB3F2CF10E}.Release|Any CPU.Build.0 = Release|Any CPU
	EndGlobalSection
	GlobalSection(SolutionProperties) = preSolution
		HideSolutionNode = FALSE
	EndGlobalSection
	GlobalSection(ExtensibilityGlobals) = postSolution
		SolutionGuid = {AB71A3BA-BC68-422A-94F5-A609DD3B3E19}
	EndGlobalSection
EndGlobal
