
Microsoft Visual Studio Solution File, Format Version 12.00
# Visual Studio Version 17
VisualStudioVersion = 17.9.34728.123
MinimumVisualStudioVersion = 10.0.40219.1
Project("{FAE04EC0-301F-11D3-BF4B-00C04F79EFBC}") = "Introduction to Multithreading", "Introduction to Multithreading.csproj", "{713623C6-4BC2-4B51-9886-38190605CD7D}"
EndProject
Global
	GlobalSection(SolutionConfigurationPlatforms) = preSolution
		Debug|Any CPU = Debug|Any CPU
		Release|Any CPU = Release|Any CPU
	EndGlobalSection
	GlobalSection(ProjectConfigurationPlatforms) = postSolution
		{713623C6-4BC2-4B51-9886-38190605CD7D}.Debug|Any CPU.ActiveCfg = Debug|Any CPU
		{713623C6-4BC2-4B51-9886-38190605CD7D}.Debug|Any CPU.Build.0 = Debug|Any CPU
		{713623C6-4BC2-4B51-9886-38190605CD7D}.Release|Any CPU.ActiveCfg = Release|Any CPU
		{713623C6-4BC2-4B51-9886-38190605CD7D}.Release|Any CPU.Build.0 = Release|Any CPU
	EndGlobalSection
	GlobalSection(SolutionProperties) = preSolution
		HideSolutionNode = FALSE
	EndGlobalSection
	GlobalSection(ExtensibilityGlobals) = postSolution
		SolutionGuid = {28D7C858-B76A-4171-85F1-0F9605267162}
	EndGlobalSection
EndGlobal
