
Microsoft Visual Studio Solution File, Format Version 12.00
# Visual Studio Version 17
VisualStudioVersion = 17.5.33414.496
MinimumVisualStudioVersion = 10.0.40219.1
Project("{FAE04EC0-301F-11D3-BF4B-00C04F79EFBC}") = "C# - Set Date & Time", "C# - Set Date & Time\C# - Set Date & Time.csproj", "{4252FF86-8755-486D-9585-F2BE0A81D102}"
EndProject
Global
	GlobalSection(SolutionConfigurationPlatforms) = preSolution
		Debug|Any CPU = Debug|Any CPU
		Release|Any CPU = Release|Any CPU
	EndGlobalSection
	GlobalSection(ProjectConfigurationPlatforms) = postSolution
		{4252FF86-8755-486D-9585-F2BE0A81D102}.Debug|Any CPU.ActiveCfg = Debug|Any CPU
		{4252FF86-8755-486D-9585-F2BE0A81D102}.Debug|Any CPU.Build.0 = Debug|Any CPU
		{4252FF86-8755-486D-9585-F2BE0A81D102}.Release|Any CPU.ActiveCfg = Release|Any CPU
		{4252FF86-8755-486D-9585-F2BE0A81D102}.Release|Any CPU.Build.0 = Release|Any CPU
	EndGlobalSection
	GlobalSection(SolutionProperties) = preSolution
		HideSolutionNode = FALSE
	EndGlobalSection
	GlobalSection(ExtensibilityGlobals) = postSolution
		SolutionGuid = {EE489AEB-62B6-4F33-9654-8FA1CF48BFD4}
	EndGlobalSection
EndGlobal
