
Microsoft Visual Studio Solution File, Format Version 12.00
# Visual Studio Version 17
VisualStudioVersion = 17.5.33414.496
MinimumVisualStudioVersion = 10.0.40219.1
Project("{FAE04EC0-301F-11D3-BF4B-00C04F79EFBC}") = "C# - ReadLIne & User Input End Numbers", "C# - ReadLIne & User Input End Numbers\C# - ReadLIne & User Input End Numbers.csproj", "{DFC1C03A-2AAA-4982-B8AA-3FEBE510CAA0}"
EndProject
Global
	GlobalSection(SolutionConfigurationPlatforms) = preSolution
		Debug|Any CPU = Debug|Any CPU
		Release|Any CPU = Release|Any CPU
	EndGlobalSection
	GlobalSection(ProjectConfigurationPlatforms) = postSolution
		{DFC1C03A-2AAA-4982-B8AA-3FEBE510CAA0}.Debug|Any CPU.ActiveCfg = Debug|Any CPU
		{DFC1C03A-2AAA-4982-B8AA-3FEBE510CAA0}.Debug|Any CPU.Build.0 = Debug|Any CPU
		{DFC1C03A-2AAA-4982-B8AA-3FEBE510CAA0}.Release|Any CPU.ActiveCfg = Release|Any CPU
		{DFC1C03A-2AAA-4982-B8AA-3FEBE510CAA0}.Release|Any CPU.Build.0 = Release|Any CPU
	EndGlobalSection
	GlobalSection(SolutionProperties) = preSolution
		HideSolutionNode = FALSE
	EndGlobalSection
	GlobalSection(ExtensibilityGlobals) = postSolution
		SolutionGuid = {E669ECE1-884B-4A07-BE40-667D95FD26B4}
	EndGlobalSection
EndGlobal
