
Microsoft Visual Studio Solution File, Format Version 12.00
# Visual Studio Version 17
VisualStudioVersion = 17.5.33414.496
MinimumVisualStudioVersion = 10.0.40219.1
Project("{8BC9CEB8-8B4A-11D0-8D11-00A0C91BC942}") = "Utility Library (Requirements)", "..\Utility Library (Requirements)\Utility Library (Requirements)\Utility Library (Requirements).vcxproj", "{72D0CD68-A419-4F24-AE6E-C1909708BDC2}"
EndProject
Global
	GlobalSection(SolutionConfigurationPlatforms) = preSolution
		Debug|x64 = Debug|x64
		Debug|x86 = Debug|x86
		Release|x64 = Release|x64
		Release|x86 = Release|x86
	EndGlobalSection
	GlobalSection(ProjectConfigurationPlatforms) = postSolution
		{72D0CD68-A419-4F24-AE6E-C1909708BDC2}.Debug|x64.ActiveCfg = Debug|x64
		{72D0CD68-A419-4F24-AE6E-C1909708BDC2}.Debug|x64.Build.0 = Debug|x64
		{72D0CD68-A419-4F24-AE6E-C1909708BDC2}.Debug|x86.ActiveCfg = Debug|Win32
		{72D0CD68-A419-4F24-AE6E-C1909708BDC2}.Debug|x86.Build.0 = Debug|Win32
		{72D0CD68-A419-4F24-AE6E-C1909708BDC2}.Release|x64.ActiveCfg = Release|x64
		{72D0CD68-A419-4F24-AE6E-C1909708BDC2}.Release|x64.Build.0 = Release|x64
		{72D0CD68-A419-4F24-AE6E-C1909708BDC2}.Release|x86.ActiveCfg = Release|Win32
		{72D0CD68-A419-4F24-AE6E-C1909708BDC2}.Release|x86.Build.0 = Release|Win32
	EndGlobalSection
	GlobalSection(SolutionProperties) = preSolution
		HideSolutionNode = FALSE
	EndGlobalSection
	GlobalSection(ExtensibilityGlobals) = postSolution
		SolutionGuid = {62550F63-1DB3-4E54-AAA7-D5CA87D86AB2}
	EndGlobalSection
EndGlobal
