
Microsoft Visual Studio Solution File, Format Version 12.00
# Visual Studio Version 17
VisualStudioVersion = 17.5.33414.496
MinimumVisualStudioVersion = 10.0.40219.1
Project("{FAE04EC0-301F-11D3-BF4B-00C04F79EFBC}") = "Send Data From Form1 To Form2", "Send Data From Form1 To Form2.csproj", "{204C4C90-FEB3-4BAD-BEE4-BB8A033EEE09}"
EndProject
Global
	GlobalSection(SolutionConfigurationPlatforms) = preSolution
		Debug|Any CPU = Debug|Any CPU
		Release|Any CPU = Release|Any CPU
	EndGlobalSection
	GlobalSection(ProjectConfigurationPlatforms) = postSolution
		{204C4C90-FEB3-4BAD-BEE4-BB8A033EEE09}.Debug|Any CPU.ActiveCfg = Debug|Any CPU
		{204C4C90-FEB3-4BAD-BEE4-BB8A033EEE09}.Debug|Any CPU.Build.0 = Debug|Any CPU
		{204C4C90-FEB3-4BAD-BEE4-BB8A033EEE09}.Release|Any CPU.ActiveCfg = Release|Any CPU
		{204C4C90-FEB3-4BAD-BEE4-BB8A033EEE09}.Release|Any CPU.Build.0 = Release|Any CPU
	EndGlobalSection
	GlobalSection(SolutionProperties) = preSolution
		HideSolutionNode = FALSE
	EndGlobalSection
	GlobalSection(ExtensibilityGlobals) = postSolution
		SolutionGuid = {1B195E2E-DB50-41DC-8DD5-14C58F24ADD3}
	EndGlobalSection
EndGlobal
