
Microsoft Visual Studio Solution File, Format Version 12.00
# Visual Studio Version 17
VisualStudioVersion = 17.5.33414.496
MinimumVisualStudioVersion = 10.0.40219.1
Project("{FAE04EC0-301F-11D3-BF4B-00C04F79EFBC}") = "Temperature Change Event Example", "Temperature Change Event Example.csproj", "{05C7B4A0-137B-492F-AC48-226C3972CCF2}"
EndProject
Global
	GlobalSection(SolutionConfigurationPlatforms) = preSolution
		Debug|Any CPU = Debug|Any CPU
		Release|Any CPU = Release|Any CPU
	EndGlobalSection
	GlobalSection(ProjectConfigurationPlatforms) = postSolution
		{05C7B4A0-137B-492F-AC48-226C3972CCF2}.Debug|Any CPU.ActiveCfg = Debug|Any CPU
		{05C7B4A0-137B-492F-AC48-226C3972CCF2}.Debug|Any CPU.Build.0 = Debug|Any CPU
		{05C7B4A0-137B-492F-AC48-226C3972CCF2}.Release|Any CPU.ActiveCfg = Release|Any CPU
		{05C7B4A0-137B-492F-AC48-226C3972CCF2}.Release|Any CPU.Build.0 = Release|Any CPU
	EndGlobalSection
	GlobalSection(SolutionProperties) = preSolution
		HideSolutionNode = FALSE
	EndGlobalSection
	GlobalSection(ExtensibilityGlobals) = postSolution
		SolutionGuid = {2E9D1FCC-E809-46CF-8F5F-78E754B70F85}
	EndGlobalSection
EndGlobal
