
Microsoft Visual Studio Solution File, Format Version 12.00
# Visual Studio Version 17
VisualStudioVersion = 17.5.33414.496
MinimumVisualStudioVersion = 10.0.40219.1
Project("{FAE04EC0-301F-11D3-BF4B-00C04F79EFBC}") = "WindowsFormsApp1", "WindowsFormsApp1.csproj", "{CF26EB27-92FD-41E8-9FEF-7A5B60F3C602}"
EndProject
Global
	GlobalSection(SolutionConfigurationPlatforms) = preSolution
		Debug|Any CPU = Debug|Any CPU
		Release|Any CPU = Release|Any CPU
	EndGlobalSection
	GlobalSection(ProjectConfigurationPlatforms) = postSolution
		{CF26EB27-92FD-41E8-9FEF-7A5B60F3C602}.Debug|Any CPU.ActiveCfg = Debug|Any CPU
		{CF26EB27-92FD-41E8-9FEF-7A5B60F3C602}.Debug|Any CPU.Build.0 = Debug|Any CPU
		{CF26EB27-92FD-41E8-9FEF-7A5B60F3C602}.Release|Any CPU.ActiveCfg = Release|Any CPU
		{CF26EB27-92FD-41E8-9FEF-7A5B60F3C602}.Release|Any CPU.Build.0 = Release|Any CPU
	EndGlobalSection
	GlobalSection(SolutionProperties) = preSolution
		HideSolutionNode = FALSE
	EndGlobalSection
	GlobalSection(ExtensibilityGlobals) = postSolution
		SolutionGuid = {5BCD953E-C309-451D-93DA-F7FBCA6BB923}
	EndGlobalSection
EndGlobal
