
Microsoft Visual Studio Solution File, Format Version 12.00
# Visual Studio Version 17
VisualStudioVersion = 17.10.35013.160
MinimumVisualStudioVersion = 10.0.40219.1
Project("{FAE04EC0-301F-11D3-BF4B-00C04F79EFBC}") = "Working with a List of Custom Objects", "Working with a List of Custom Objects.csproj", "{DDDC17AA-904B-432C-9EFB-282C88292D77}"
EndProject
Global
	GlobalSection(SolutionConfigurationPlatforms) = preSolution
		Debug|Any CPU = Debug|Any CPU
		Release|Any CPU = Release|Any CPU
	EndGlobalSection
	GlobalSection(ProjectConfigurationPlatforms) = postSolution
		{DDDC17AA-904B-432C-9EFB-282C88292D77}.Debug|Any CPU.ActiveCfg = Debug|Any CPU
		{DDDC17AA-904B-432C-9EFB-282C88292D77}.Debug|Any CPU.Build.0 = Debug|Any CPU
		{DDDC17AA-904B-432C-9EFB-282C88292D77}.Release|Any CPU.ActiveCfg = Release|Any CPU
		{DDDC17AA-904B-432C-9EFB-282C88292D77}.Release|Any CPU.Build.0 = Release|Any CPU
	EndGlobalSection
	GlobalSection(SolutionProperties) = preSolution
		HideSolutionNode = FALSE
	EndGlobalSection
	GlobalSection(ExtensibilityGlobals) = postSolution
		SolutionGuid = {8F628C21-44B8-4AAE-AADE-D4C203E303F1}
	EndGlobalSection
EndGlobal
