
Microsoft Visual Studio Solution File, Format Version 12.00
# Visual Studio Version 17
VisualStudioVersion = 17.5.33414.496
MinimumVisualStudioVersion = 10.0.40219.1
Project("{FAE04EC0-301F-11D3-BF4B-00C04F79EFBC}") = "File System Directories", "File System Directories.csproj", "{1BB89298-9741-4BD2-91A8-CE0541BD2348}"
EndProject
Global
	GlobalSection(SolutionConfigurationPlatforms) = preSolution
		Debug|Any CPU = Debug|Any CPU
		Release|Any CPU = Release|Any CPU
	EndGlobalSection
	GlobalSection(ProjectConfigurationPlatforms) = postSolution
		{1BB89298-9741-4BD2-91A8-CE0541BD2348}.Debug|Any CPU.ActiveCfg = Debug|Any CPU
		{1BB89298-9741-4BD2-91A8-CE0541BD2348}.Debug|Any CPU.Build.0 = Debug|Any CPU
		{1BB89298-9741-4BD2-91A8-CE0541BD2348}.Release|Any CPU.ActiveCfg = Release|Any CPU
		{1BB89298-9741-4BD2-91A8-CE0541BD2348}.Release|Any CPU.Build.0 = Release|Any CPU
	EndGlobalSection
	GlobalSection(SolutionProperties) = preSolution
		HideSolutionNode = FALSE
	EndGlobalSection
	GlobalSection(ExtensibilityGlobals) = postSolution
		SolutionGuid = {419F9042-5595-4A58-864C-ACE30B99FBDC}
	EndGlobalSection
EndGlobal
