
Microsoft Visual Studio Solution File, Format Version 12.00
# Visual Studio Version 17
VisualStudioVersion = 17.5.33414.496
MinimumVisualStudioVersion = 10.0.40219.1
Project("{FAE04EC0-301F-11D3-BF4B-00C04F79EFBC}") = "Simple Event With Parameters Using Arguments", "Simple Event With Parameters Using Arguments.csproj", "{3701BDAD-5035-4F08-89C8-87A5528ECE24}"
EndProject
Global
	GlobalSection(SolutionConfigurationPlatforms) = preSolution
		Debug|Any CPU = Debug|Any CPU
		Release|Any CPU = Release|Any CPU
	EndGlobalSection
	GlobalSection(ProjectConfigurationPlatforms) = postSolution
		{3701BDAD-5035-4F08-89C8-87A5528ECE24}.Debug|Any CPU.ActiveCfg = Debug|Any CPU
		{3701BDAD-5035-4F08-89C8-87A5528ECE24}.Debug|Any CPU.Build.0 = Debug|Any CPU
		{3701BDAD-5035-4F08-89C8-87A5528ECE24}.Release|Any CPU.ActiveCfg = Release|Any CPU
		{3701BDAD-5035-4F08-89C8-87A5528ECE24}.Release|Any CPU.Build.0 = Release|Any CPU
	EndGlobalSection
	GlobalSection(SolutionProperties) = preSolution
		HideSolutionNode = FALSE
	EndGlobalSection
	GlobalSection(ExtensibilityGlobals) = postSolution
		SolutionGuid = {14FC5B50-3AAC-4A87-A020-5CF012ADECAD}
	EndGlobalSection
EndGlobal
