
Microsoft Visual Studio Solution File, Format Version 12.00
# Visual Studio Version 17
VisualStudioVersion = 17.5.33414.496
MinimumVisualStudioVersion = 10.0.40219.1
Project("{FAE04EC0-301F-11D3-BF4B-00C04F79EFBC}") = "Update Data From C# To Database", "Update Data From C# To Database.csproj", "{97A4BD8C-17F8-439B-ABE3-67EA604AAB80}"
EndProject
Global
	GlobalSection(SolutionConfigurationPlatforms) = preSolution
		Debug|Any CPU = Debug|Any CPU
		Release|Any CPU = Release|Any CPU
	EndGlobalSection
	GlobalSection(ProjectConfigurationPlatforms) = postSolution
		{97A4BD8C-17F8-439B-ABE3-67EA604AAB80}.Debug|Any CPU.ActiveCfg = Debug|Any CPU
		{97A4BD8C-17F8-439B-ABE3-67EA604AAB80}.Debug|Any CPU.Build.0 = Debug|Any CPU
		{97A4BD8C-17F8-439B-ABE3-67EA604AAB80}.Release|Any CPU.ActiveCfg = Release|Any CPU
		{97A4BD8C-17F8-439B-ABE3-67EA604AAB80}.Release|Any CPU.Build.0 = Release|Any CPU
	EndGlobalSection
	GlobalSection(SolutionProperties) = preSolution
		HideSolutionNode = FALSE
	EndGlobalSection
	GlobalSection(ExtensibilityGlobals) = postSolution
		SolutionGuid = {20D6E0C8-115B-49CE-8B28-22CC928F0690}
	EndGlobalSection
EndGlobal
