
Microsoft Visual Studio Solution File, Format Version 12.00
# Visual Studio Version 17
VisualStudioVersion = 17.5.33414.496
MinimumVisualStudioVersion = 10.0.40219.1
Project("{FAE04EC0-301F-11D3-BF4B-00C04F79EFBC}") = "C#  - Time Span", "C#  - Time Span\C#  - Time Span.csproj", "{AF96D8CC-177E-45F2-B4C0-A6357F3F41B7}"
EndProject
Global
	GlobalSection(SolutionConfigurationPlatforms) = preSolution
		Debug|Any CPU = Debug|Any CPU
		Release|Any CPU = Release|Any CPU
	EndGlobalSection
	GlobalSection(ProjectConfigurationPlatforms) = postSolution
		{AF96D8CC-177E-45F2-B4C0-A6357F3F41B7}.Debug|Any CPU.ActiveCfg = Debug|Any CPU
		{AF96D8CC-177E-45F2-B4C0-A6357F3F41B7}.Debug|Any CPU.Build.0 = Debug|Any CPU
		{AF96D8CC-177E-45F2-B4C0-A6357F3F41B7}.Release|Any CPU.ActiveCfg = Release|Any CPU
		{AF96D8CC-177E-45F2-B4C0-A6357F3F41B7}.Release|Any CPU.Build.0 = Release|Any CPU
	EndGlobalSection
	GlobalSection(SolutionProperties) = preSolution
		HideSolutionNode = FALSE
	EndGlobalSection
	GlobalSection(ExtensibilityGlobals) = postSolution
		SolutionGuid = {A65FCD34-295D-4C4C-B5D4-FBC7738B9DD0}
	EndGlobalSection
EndGlobal
